
Microsoft Visual Studio Solution File, Format Version 12.00
# Visual Studio Version 16
VisualStudioVersion = 16.0.29806.167
MinimumVisualStudioVersion = 10.0.40219.1
Project("{9A19103F-16F7-4668-BE54-9A1E7A4F7556}") = "EmegenlerMvcPlayground", "EmegenlerMvcPlayground\EmegenlerMvcPlayground.csproj", "{E0C98098-4AA5-4BFC-A9CC-F27147A3FD49}"
EndProject
Global
	GlobalSection(SolutionConfigurationPlatforms) = preSolution
		Debug|Any CPU = Debug|Any CPU
		Release|Any CPU = Release|Any CPU
	EndGlobalSection
	GlobalSection(ProjectConfigurationPlatforms) = postSolution
		{E0C98098-4AA5-4BFC-A9CC-F27147A3FD49}.Debug|Any CPU.ActiveCfg = Debug|Any CPU
		{E0C98098-4AA5-4BFC-A9CC-F27147A3FD49}.Debug|Any CPU.Build.0 = Debug|Any CPU
		{E0C98098-4AA5-4BFC-A9CC-F27147A3FD49}.Release|Any CPU.ActiveCfg = Release|Any CPU
		{E0C98098-4AA5-4BFC-A9CC-F27147A3FD49}.Release|Any CPU.Build.0 = Release|Any CPU
	EndGlobalSection
	GlobalSection(SolutionProperties) = preSolution
		HideSolutionNode = FALSE
	EndGlobalSection
	GlobalSection(ExtensibilityGlobals) = postSolution
		SolutionGuid = {D0777D46-C078-4C18-BA43-C298EDCAE7DD}
	EndGlobalSection
EndGlobal
